Microsoft Visual Studio Solution File, Format Version 12.00
# Visual Studio Version 17
VisualStudioVersion = 17.5.2.0
MinimumVisualStudioVersion = 10.0.40219.1
Project("{FAE04EC0-301F-11D3-BF4B-00C04F79EFBC}") = "learnRefit", "learnRefit\learnRefit.csproj", "{A73EA13E-0D6A-4797-6326-48E71D158FFF}"
EndProject
Global
	GlobalSection(SolutionConfigurationPlatforms) = preSolution
		Debug|Any CPU = Debug|Any CPU
		Release|Any CPU = Release|Any CPU
	EndGlobalSection
	GlobalSection(ProjectConfigurationPlatforms) = postSolution
		{A73EA13E-0D6A-4797-6326-48E71D158FFF}.Debug|Any CPU.ActiveCfg = Debug|Any CPU
		{A73EA13E-0D6A-4797-6326-48E71D158FFF}.Debug|Any CPU.Build.0 = Debug|Any CPU
		{A73EA13E-0D6A-4797-6326-48E71D158FFF}.Release|Any CPU.ActiveCfg = Release|Any CPU
		{A73EA13E-0D6A-4797-6326-48E71D158FFF}.Release|Any CPU.Build.0 = Release|Any CPU
	EndGlobalSection
	GlobalSection(SolutionProperties) = preSolution
		HideSolutionNode = FALSE
	EndGlobalSection
	GlobalSection(ExtensibilityGlobals) = postSolution
		SolutionGuid = {A280C690-A883-4853-AE77-33985E77E516}
	EndGlobalSection
EndGlobal
